
Microsoft Visual Studio Solution File, Format Version 12.00
# Visual Studio Version 17
VisualStudioVersion = 17.3.32804.467
MinimumVisualStudioVersion = 10.0.40219.1
Project("{FAE04EC0-301F-11D3-BF4B-00C04F79EFBC}") = "VRCTextboxOSC", "VRCTextboxOSC.csproj", "{E6F1EA10-7438-4B86-A06F-B222555A7936}"
EndProject
Global
	GlobalSection(SolutionConfigurationPlatforms) = preSolution
		Debug|Any CPU = Debug|Any CPU
		Release|Any CPU = Release|Any CPU
	EndGlobalSection
	GlobalSection(ProjectConfigurationPlatforms) = postSolution
		{E6F1EA10-7438-4B86-A06F-B222555A7936}.Debug|Any CPU.ActiveCfg = Debug|Any CPU
		{E6F1EA10-7438-4B86-A06F-B222555A7936}.Debug|Any CPU.Build.0 = Debug|Any CPU
		{E6F1EA10-7438-4B86-A06F-B222555A7936}.Release|Any CPU.ActiveCfg = Release|Any CPU
		{E6F1EA10-7438-4B86-A06F-B222555A7936}.Release|Any CPU.Build.0 = Release|Any CPU
	EndGlobalSection
	GlobalSection(SolutionProperties) = preSolution
		HideSolutionNode = FALSE
	EndGlobalSection
	GlobalSection(ExtensibilityGlobals) = postSolution
		SolutionGuid = {E69C274E-3B93-4E5C-BA1A-F51C73A2717B}
	EndGlobalSection
EndGlobal
